
Microsoft Visual Studio Solution File, Format Version 12.00
# Visual Studio Version 18
VisualStudioVersion = 18.9.12120.119
MinimumVisualStudioVersion = 10.0.40219.1
Project("{2150E333-8FDC-42A3-9474-1A3956D46DE8}") = "tests", "tests", "{0AB3BF05-4346-4AA6-1389-037BE0695223}"
EndProject
Project("{FAE04EC0-301F-11D3-BF4B-00C04F79EFBC}") = "MetasysPoc.Tests", "tests\MetasysPoc.Tests\MetasysPoc.Tests.csproj", "{BCEEEE75-9444-47EF-8EFE-53EAD0B690CF}"
EndProject
Project("{2150E333-8FDC-42A3-9474-1A3956D46DE8}") = "BMS.Ingestion", "BMS.Ingestion", "{7093629E-AEA4-902C-2483-A7E7B1CCEE25}"
EndProject
Project("{FAE04EC0-301F-11D3-BF4B-00C04F79EFBC}") = "BMS.Ingestion.App", "BMS.Ingestion\BMS.Ingestion.App\BMS.Ingestion.App.csproj", "{F2C9F6DE-29EC-47C2-AC14-4E5976588D48}"
EndProject
Project("{FAE04EC0-301F-11D3-BF4B-00C04F79EFBC}") = "BMS.Ingestion.Business", "BMS.Ingestion\BMS.Ingestion.Business\BMS.Ingestion.Business.csproj", "{DDDE5DE1-C8BF-49B6-8DFF-3A1DF2C87EF7}"
EndProject
Project("{FAE04EC0-301F-11D3-BF4B-00C04F79EFBC}") = "BMS.Ingestion.Common", "BMS.Ingestion\BMS.Ingestion.Common\BMS.Ingestion.Common.csproj", "{4EFD1F64-34BA-4B93-BA55-C4B26919D445}"
EndProject
Project("{FAE04EC0-301F-11D3-BF4B-00C04F79EFBC}") = "BMS.Ingestion.Domain", "BMS.Ingestion\BMS.Ingestion.Domain\BMS.Ingestion.Domain.csproj", "{01661B54-22A6-43F1-BC55-032D7A58A5CD}"
EndProject
Project("{FAE04EC0-301F-11D3-BF4B-00C04F79EFBC}") = "BMS.Ingestion.DataAccess", "BMS.Ingestion\BMS.Ingestion.DataAccess\BMS.Ingestion.DataAccess.csproj", "{9549BA81-DA8F-432A-B2E1-16A060CDBA59}"
EndProject
Project("{2150E333-8FDC-42A3-9474-1A3956D46DE8}") = "BMS.Fake", "BMS.Fake", "{8FC84A6C-4B65-8FE0-829A-84EAAA253C09}"
EndProject
Project("{FAE04EC0-301F-11D3-BF4B-00C04F79EFBC}") = "BMS.Fake.App", "BMS.Fake\BMS.Fake.App\BMS.Fake.App.csproj", "{126A6604-82BF-4425-A57B-555CB7F8589B}"
EndProject
Project("{FAE04EC0-301F-11D3-BF4B-00C04F79EFBC}") = "BMS.Fake.Business", "BMS.Fake\BMS.Fake.Business\BMS.Fake.Business.csproj", "{F2CF2B3A-9B52-44CC-928E-0441EF0102E9}"
EndProject
Project("{FAE04EC0-301F-11D3-BF4B-00C04F79EFBC}") = "BMS.Fake.Common", "BMS.Fake\BMS.Fake.Common\BMS.Fake.Common.csproj", "{6DC8FEE1-E162-421C-8C91-3B770A2E23AD}"
EndProject
Project("{FAE04EC0-301F-11D3-BF4B-00C04F79EFBC}") = "BMS.Fake.Domain", "BMS.Fake\BMS.Fake.Domain\BMS.Fake.Domain.csproj", "{0D82DDB9-182A-4C7E-BB9A-8BFCF7796C34}"
EndProject
Project("{FAE04EC0-301F-11D3-BF4B-00C04F79EFBC}") = "BMS.Fake.DataAccess", "BMS.Fake\BMS.Fake.DataAccess\BMS.Fake.DataAccess.csproj", "{62094675-3908-4C86-8EE7-7DACAE7DCE6C}"
EndProject
Project("{2150E333-8FDC-42A3-9474-1A3956D46DE8}") = "SPO.Ingestion", "SPO.Ingestion", "{75CA83C6-6FEA-8260-D874-2DA8EDDDC49B}"
EndProject
Project("{FAE04EC0-301F-11D3-BF4B-00C04F79EFBC}") = "SPO.Ingestion.Cli", "SPO.Ingestion.Cli\SPO.Ingestion.Cli.csproj", "{67D2B8AE-107B-4C81-B36D-BB42ED846655}"
EndProject
Project("{FAE04EC0-301F-11D3-BF4B-00C04F79EFBC}") = "SPO.Ingestion.App", "SPO.Ingestion.App\SPO.Ingestion.App.csproj", "{9F9E3D59-64CC-4400-88CE-B0B39CDE8386}"
EndProject
Project("{FAE04EC0-301F-11D3-BF4B-00C04F79EFBC}") = "SPO.Ingestion.Business", "SPO.Ingestion.Business\SPO.Ingestion.Business.csproj", "{BC519E8A-650B-4AF3-A5F7-FCAF393CB8F2}"
EndProject
Project("{FAE04EC0-301F-11D3-BF4B-00C04F79EFBC}") = "SPO.Ingestion.Common", "SPO.Ingestion.Common\SPO.Ingestion.Common.csproj", "{F07D0DFF-0893-40EC-BFEE-3422EB2C237C}"
EndProject
Project("{FAE04EC0-301F-11D3-BF4B-00C04F79EFBC}") = "SPO.Ingestion.Domain", "SPO.Ingestion.Domain\SPO.Ingestion.Domain.csproj", "{39BB86D1-ADAB-4EC9-BF68-5E7C952DA6BD}"
EndProject
Project("{FAE04EC0-301F-11D3-BF4B-00C04F79EFBC}") = "SPO.Ingestion.DataAccess", "SPO.Ingestion.DataAccess\SPO.Ingestion.DataAccess.csproj", "{C3AB1A80-391A-4F6A-95D3-9F0B457C6079}"
EndProject
Project("{FAE04EC0-301F-11D3-BF4B-00C04F79EFBC}") = "SPO.Ingestion.Functions", "SPO.Ingestion.Functions\SPO.Ingestion.Functions.csproj", "{E8CBE926-D5E1-4750-919B-BF445FB7CF02}"
EndProject
Project("{2150E333-8FDC-42A3-9474-1A3956D46DE8}") = "Dataverse.SyncWorker", "Dataverse.SyncWorker", "{A547F238-737B-0D0E-8928-AB6A1CC1B2DB}"
EndProject
Project("{FAE04EC0-301F-11D3-BF4B-00C04F79EFBC}") = "Dataverse.SyncWorker.App", "Dataverse.SyncWorker\Dataverse.SyncWorker.App\Dataverse.SyncWorker.App.csproj", "{E83C8F0F-B089-422D-9291-7D4DCB5C0B4C}"
EndProject
Project("{FAE04EC0-301F-11D3-BF4B-00C04F79EFBC}") = "Dataverse.SyncWorker.Business", "Dataverse.SyncWorker\Dataverse.SyncWorker.Business\Dataverse.SyncWorker.Business.csproj", "{9B69A9E2-00AD-4F07-89FE-26937F82E25B}"
EndProject
Project("{FAE04EC0-301F-11D3-BF4B-00C04F79EFBC}") = "Dataverse.SyncWorker.Common", "Dataverse.SyncWorker\Dataverse.SyncWorker.Common\Dataverse.SyncWorker.Common.csproj", "{E786851C-D11D-4405-A8AA-55700C9C23A6}"
EndProject
Project("{FAE04EC0-301F-11D3-BF4B-00C04F79EFBC}") = "Dataverse.SyncWorker.Domain", "Dataverse.SyncWorker\Dataverse.SyncWorker.Domain\Dataverse.SyncWorker.Domain.csproj", "{21A6AC53-23B8-4F47-B694-415BB2147807}"
EndProject
Project("{FAE04EC0-301F-11D3-BF4B-00C04F79EFBC}") = "Dataverse.SyncWorker.DataAccess", "Dataverse.SyncWorker\Dataverse.SyncWorker.DataAccess\Dataverse.SyncWorker.DataAccess.csproj", "{B6830B13-5CFE-4A0F-BA57-26A969E6E2DF}"
EndProject
Project("{2150E333-8FDC-42A3-9474-1A3956D46DE8}") = "Dataverse.Plugin", "Dataverse.Plugin", "{51015F48-3032-47FB-0DF1-EC3F60EA4EF6}"
EndProject
Project("{FAE04EC0-301F-11D3-BF4B-00C04F79EFBC}") = "FMCentralBms.Plugins", "Dataverse.Plugin\FMCentralBms.Plugins\FMCentralBms.Plugins.csproj", "{F719D398-8B2E-4F1B-8025-59ADABA5BDEC}"
EndProject
Global
	GlobalSection(SolutionConfigurationPlatforms) = preSolution
		Debug|Any CPU = Debug|Any CPU
		Debug|x64 = Debug|x64
		Debug|x86 = Debug|x86
		Release|Any CPU = Release|Any CPU
		Release|x64 = Release|x64
		Release|x86 = Release|x86
	EndGlobalSection
	GlobalSection(ProjectConfigurationPlatforms) = postSolution
		{BCEEEE75-9444-47EF-8EFE-53EAD0B690CF}.Debug|Any CPU.ActiveCfg = Debug|Any CPU
		{BCEEEE75-9444-47EF-8EFE-53EAD0B690CF}.Debug|Any CPU.Build.0 = Debug|Any CPU
		{BCEEEE75-9444-47EF-8EFE-53EAD0B690CF}.Debug|x64.ActiveCfg = Debug|Any CPU
		{BCEEEE75-9444-47EF-8EFE-53EAD0B690CF}.Debug|x64.Build.0 = Debug|Any CPU
		{BCEEEE75-9444-47EF-8EFE-53EAD0B690CF}.Debug|x86.ActiveCfg = Debug|Any CPU
		{BCEEEE75-9444-47EF-8EFE-53EAD0B690CF}.Debug|x86.Build.0 = Debug|Any CPU
		{BCEEEE75-9444-47EF-8EFE-53EAD0B690CF}.Release|Any CPU.ActiveCfg = Release|Any CPU
		{BCEEEE75-9444-47EF-8EFE-53EAD0B690CF}.Release|Any CPU.Build.0 = Release|Any CPU
		{BCEEEE75-9444-47EF-8EFE-53EAD0B690CF}.Release|x64.ActiveCfg = Release|Any CPU
		{BCEEEE75-9444-47EF-8EFE-53EAD0B690CF}.Release|x64.Build.0 = Release|Any CPU
		{BCEEEE75-9444-47EF-8EFE-53EAD0B690CF}.Release|x86.ActiveCfg = Release|Any CPU
		{BCEEEE75-9444-47EF-8EFE-53EAD0B690CF}.Release|x86.Build.0 = Release|Any CPU
		{F2C9F6DE-29EC-47C2-AC14-4E5976588D48}.Debug|Any CPU.ActiveCfg = Debug|Any CPU
		{F2C9F6DE-29EC-47C2-AC14-4E5976588D48}.Debug|Any CPU.Build.0 = Debug|Any CPU
		{F2C9F6DE-29EC-47C2-AC14-4E5976588D48}.Debug|x64.ActiveCfg = Debug|Any CPU
		{F2C9F6DE-29EC-47C2-AC14-4E5976588D48}.Debug|x64.Build.0 = Debug|Any CPU
		{F2C9F6DE-29EC-47C2-AC14-4E5976588D48}.Debug|x86.ActiveCfg = Debug|Any CPU
		{F2C9F6DE-29EC-47C2-AC14-4E5976588D48}.Debug|x86.Build.0 = Debug|Any CPU
		{F2C9F6DE-29EC-47C2-AC14-4E5976588D48}.Release|Any CPU.ActiveCfg = Release|Any CPU
		{F2C9F6DE-29EC-47C2-AC14-4E5976588D48}.Release|Any CPU.Build.0 = Release|Any CPU
		{F2C9F6DE-29EC-47C2-AC14-4E5976588D48}.Release|x64.ActiveCfg = Release|Any CPU
		{F2C9F6DE-29EC-47C2-AC14-4E5976588D48}.Release|x64.Build.0 = Release|Any CPU
		{F2C9F6DE-29EC-47C2-AC14-4E5976588D48}.Release|x86.ActiveCfg = Release|Any CPU
		{F2C9F6DE-29EC-47C2-AC14-4E5976588D48}.Release|x86.Build.0 = Release|Any CPU
		{DDDE5DE1-C8BF-49B6-8DFF-3A1DF2C87EF7}.Debug|Any CPU.ActiveCfg = Debug|Any CPU
		{DDDE5DE1-C8BF-49B6-8DFF-3A1DF2C87EF7}.Debug|Any CPU.Build.0 = Debug|Any CPU
		{DDDE5DE1-C8BF-49B6-8DFF-3A1DF2C87EF7}.Debug|x64.ActiveCfg = Debug|Any CPU
		{DDDE5DE1-C8BF-49B6-8DFF-3A1DF2C87EF7}.Debug|x64.Build.0 = Debug|Any CPU
		{DDDE5DE1-C8BF-49B6-8DFF-3A1DF2C87EF7}.Debug|x86.ActiveCfg = Debug|Any CPU
		{DDDE5DE1-C8BF-49B6-8DFF-3A1DF2C87EF7}.Debug|x86.Build.0 = Debug|Any CPU
		{DDDE5DE1-C8BF-49B6-8DFF-3A1DF2C87EF7}.Release|Any CPU.ActiveCfg = Release|Any CPU
		{DDDE5DE1-C8BF-49B6-8DFF-3A1DF2C87EF7}.Release|Any CPU.Build.0 = Release|Any CPU
		{DDDE5DE1-C8BF-49B6-8DFF-3A1DF2C87EF7}.Release|x64.ActiveCfg = Release|Any CPU
		{DDDE5DE1-C8BF-49B6-8DFF-3A1DF2C87EF7}.Release|x64.Build.0 = Release|Any CPU
		{DDDE5DE1-C8BF-49B6-8DFF-3A1DF2C87EF7}.Release|x86.ActiveCfg = Release|Any CPU
		{DDDE5DE1-C8BF-49B6-8DFF-3A1DF2C87EF7}.Release|x86.Build.0 = Release|Any CPU
		{4EFD1F64-34BA-4B93-BA55-C4B26919D445}.Debug|Any CPU.ActiveCfg = Debug|Any CPU
		{4EFD1F64-34BA-4B93-BA55-C4B26919D445}.Debug|Any CPU.Build.0 = Debug|Any CPU
		{4EFD1F64-34BA-4B93-BA55-C4B26919D445}.Debug|x64.ActiveCfg = Debug|Any CPU
		{4EFD1F64-34BA-4B93-BA55-C4B26919D445}.Debug|x64.Build.0 = Debug|Any CPU
		{4EFD1F64-34BA-4B93-BA55-C4B26919D445}.Debug|x86.ActiveCfg = Debug|Any CPU
		{4EFD1F64-34BA-4B93-BA55-C4B26919D445}.Debug|x86.Build.0 = Debug|Any CPU
		{4EFD1F64-34BA-4B93-BA55-C4B26919D445}.Release|Any CPU.ActiveCfg = Release|Any CPU
		{4EFD1F64-34BA-4B93-BA55-C4B26919D445}.Release|Any CPU.Build.0 = Release|Any CPU
		{4EFD1F64-34BA-4B93-BA55-C4B26919D445}.Release|x64.ActiveCfg = Release|Any CPU
		{4EFD1F64-34BA-4B93-BA55-C4B26919D445}.Release|x64.Build.0 = Release|Any CPU
		{4EFD1F64-34BA-4B93-BA55-C4B26919D445}.Release|x86.ActiveCfg = Release|Any CPU
		{4EFD1F64-34BA-4B93-BA55-C4B26919D445}.Release|x86.Build.0 = Release|Any CPU
		{01661B54-22A6-43F1-BC55-032D7A58A5CD}.Debug|Any CPU.ActiveCfg = Debug|Any CPU
		{01661B54-22A6-43F1-BC55-032D7A58A5CD}.Debug|Any CPU.Build.0 = Debug|Any CPU
		{01661B54-22A6-43F1-BC55-032D7A58A5CD}.Debug|x64.ActiveCfg = Debug|Any CPU
		{01661B54-22A6-43F1-BC55-032D7A58A5CD}.Debug|x64.Build.0 = Debug|Any CPU
		{01661B54-22A6-43F1-BC55-032D7A58A5CD}.Debug|x86.ActiveCfg = Debug|Any CPU
		{01661B54-22A6-43F1-BC55-032D7A58A5CD}.Debug|x86.Build.0 = Debug|Any CPU
		{01661B54-22A6-43F1-BC55-032D7A58A5CD}.Release|Any CPU.ActiveCfg = Release|Any CPU
		{01661B54-22A6-43F1-BC55-032D7A58A5CD}.Release|Any CPU.Build.0 = Release|Any CPU
		{01661B54-22A6-43F1-BC55-032D7A58A5CD}.Release|x64.ActiveCfg = Release|Any CPU
		{01661B54-22A6-43F1-BC55-032D7A58A5CD}.Release|x64.Build.0 = Release|Any CPU
		{01661B54-22A6-43F1-BC55-032D7A58A5CD}.Release|x86.ActiveCfg = Release|Any CPU
		{01661B54-22A6-43F1-BC55-032D7A58A5CD}.Release|x86.Build.0 = Release|Any CPU
		{9549BA81-DA8F-432A-B2E1-16A060CDBA59}.Debug|Any CPU.ActiveCfg = Debug|Any CPU
		{9549BA81-DA8F-432A-B2E1-16A060CDBA59}.Debug|Any CPU.Build.0 = Debug|Any CPU
		{9549BA81-DA8F-432A-B2E1-16A060CDBA59}.Debug|x64.ActiveCfg = Debug|Any CPU
		{9549BA81-DA8F-432A-B2E1-16A060CDBA59}.Debug|x64.Build.0 = Debug|Any CPU
		{9549BA81-DA8F-432A-B2E1-16A060CDBA59}.Debug|x86.ActiveCfg = Debug|Any CPU
		{9549BA81-DA8F-432A-B2E1-16A060CDBA59}.Debug|x86.Build.0 = Debug|Any CPU
		{9549BA81-DA8F-432A-B2E1-16A060CDBA59}.Release|Any CPU.ActiveCfg = Release|Any CPU
		{9549BA81-DA8F-432A-B2E1-16A060CDBA59}.Release|Any CPU.Build.0 = Release|Any CPU
		{9549BA81-DA8F-432A-B2E1-16A060CDBA59}.Release|x64.ActiveCfg = Release|Any CPU
		{9549BA81-DA8F-432A-B2E1-16A060CDBA59}.Release|x64.Build.0 = Release|Any CPU
		{9549BA81-DA8F-432A-B2E1-16A060CDBA59}.Release|x86.ActiveCfg = Release|Any CPU
		{9549BA81-DA8F-432A-B2E1-16A060CDBA59}.Release|x86.Build.0 = Release|Any CPU
		{126A6604-82BF-4425-A57B-555CB7F8589B}.Debug|Any CPU.ActiveCfg = Debug|Any CPU
		{126A6604-82BF-4425-A57B-555CB7F8589B}.Debug|Any CPU.Build.0 = Debug|Any CPU
		{126A6604-82BF-4425-A57B-555CB7F8589B}.Debug|x64.ActiveCfg = Debug|Any CPU
		{126A6604-82BF-4425-A57B-555CB7F8589B}.Debug|x64.Build.0 = Debug|Any CPU
		{126A6604-82BF-4425-A57B-555CB7F8589B}.Debug|x86.ActiveCfg = Debug|Any CPU
		{126A6604-82BF-4425-A57B-555CB7F8589B}.Debug|x86.Build.0 = Debug|Any CPU
		{126A6604-82BF-4425-A57B-555CB7F8589B}.Release|Any CPU.ActiveCfg = Release|Any CPU
		{126A6604-82BF-4425-A57B-555CB7F8589B}.Release|Any CPU.Build.0 = Release|Any CPU
		{126A6604-82BF-4425-A57B-555CB7F8589B}.Release|x64.ActiveCfg = Release|Any CPU
		{126A6604-82BF-4425-A57B-555CB7F8589B}.Release|x64.Build.0 = Release|Any CPU
		{126A6604-82BF-4425-A57B-555CB7F8589B}.Release|x86.ActiveCfg = Release|Any CPU
		{126A6604-82BF-4425-A57B-555CB7F8589B}.Release|x86.Build.0 = Release|Any CPU
		{F2CF2B3A-9B52-44CC-928E-0441EF0102E9}.Debug|Any CPU.ActiveCfg = Debug|Any CPU
		{F2CF2B3A-9B52-44CC-928E-0441EF0102E9}.Debug|Any CPU.Build.0 = Debug|Any CPU
		{F2CF2B3A-9B52-44CC-928E-0441EF0102E9}.Debug|x64.ActiveCfg = Debug|Any CPU
		{F2CF2B3A-9B52-44CC-928E-0441EF0102E9}.Debug|x64.Build.0 = Debug|Any CPU
		{F2CF2B3A-9B52-44CC-928E-0441EF0102E9}.Debug|x86.ActiveCfg = Debug|Any CPU
		{F2CF2B3A-9B52-44CC-928E-0441EF0102E9}.Debug|x86.Build.0 = Debug|Any CPU
		{F2CF2B3A-9B52-44CC-928E-0441EF0102E9}.Release|Any CPU.ActiveCfg = Release|Any CPU
		{F2CF2B3A-9B52-44CC-928E-0441EF0102E9}.Release|Any CPU.Build.0 = Release|Any CPU
		{F2CF2B3A-9B52-44CC-928E-0441EF0102E9}.Release|x64.ActiveCfg = Release|Any CPU
		{F2CF2B3A-9B52-44CC-928E-0441EF0102E9}.Release|x64.Build.0 = Release|Any CPU
		{F2CF2B3A-9B52-44CC-928E-0441EF0102E9}.Release|x86.ActiveCfg = Release|Any CPU
		{F2CF2B3A-9B52-44CC-928E-0441EF0102E9}.Release|x86.Build.0 = Release|Any CPU
		{6DC8FEE1-E162-421C-8C91-3B770A2E23AD}.Debug|Any CPU.ActiveCfg = Debug|Any CPU
		{6DC8FEE1-E162-421C-8C91-3B770A2E23AD}.Debug|Any CPU.Build.0 = Debug|Any CPU
		{6DC8FEE1-E162-421C-8C91-3B770A2E23AD}.Debug|x64.ActiveCfg = Debug|Any CPU
		{6DC8FEE1-E162-421C-8C91-3B770A2E23AD}.Debug|x64.Build.0 = Debug|Any CPU
		{6DC8FEE1-E162-421C-8C91-3B770A2E23AD}.Debug|x86.ActiveCfg = Debug|Any CPU
		{6DC8FEE1-E162-421C-8C91-3B770A2E23AD}.Debug|x86.Build.0 = Debug|Any CPU
		{6DC8FEE1-E162-421C-8C91-3B770A2E23AD}.Release|Any CPU.ActiveCfg = Release|Any CPU
		{6DC8FEE1-E162-421C-8C91-3B770A2E23AD}.Release|Any CPU.Build.0 = Release|Any CPU
		{6DC8FEE1-E162-421C-8C91-3B770A2E23AD}.Release|x64.ActiveCfg = Release|Any CPU
		{6DC8FEE1-E162-421C-8C91-3B770A2E23AD}.Release|x64.Build.0 = Release|Any CPU
		{6DC8FEE1-E162-421C-8C91-3B770A2E23AD}.Release|x86.ActiveCfg = Release|Any CPU
		{6DC8FEE1-E162-421C-8C91-3B770A2E23AD}.Release|x86.Build.0 = Release|Any CPU
		{0D82DDB9-182A-4C7E-BB9A-8BFCF7796C34}.Debug|Any CPU.ActiveCfg = Debug|Any CPU
		{0D82DDB9-182A-4C7E-BB9A-8BFCF7796C34}.Debug|Any CPU.Build.0 = Debug|Any CPU
		{0D82DDB9-182A-4C7E-BB9A-8BFCF7796C34}.Debug|x64.ActiveCfg = Debug|Any CPU
		{0D82DDB9-182A-4C7E-BB9A-8BFCF7796C34}.Debug|x64.Build.0 = Debug|Any CPU
		{0D82DDB9-182A-4C7E-BB9A-8BFCF7796C34}.Debug|x86.ActiveCfg = Debug|Any CPU
		{0D82DDB9-182A-4C7E-BB9A-8BFCF7796C34}.Debug|x86.Build.0 = Debug|Any CPU
		{0D82DDB9-182A-4C7E-BB9A-8BFCF7796C34}.Release|Any CPU.ActiveCfg = Release|Any CPU
		{0D82DDB9-182A-4C7E-BB9A-8BFCF7796C34}.Release|Any CPU.Build.0 = Release|Any CPU
		{0D82DDB9-182A-4C7E-BB9A-8BFCF7796C34}.Release|x64.ActiveCfg = Release|Any CPU
		{0D82DDB9-182A-4C7E-BB9A-8BFCF7796C34}.Release|x64.Build.0 = Release|Any CPU
		{0D82DDB9-182A-4C7E-BB9A-8BFCF7796C34}.Release|x86.ActiveCfg = Release|Any CPU
		{0D82DDB9-182A-4C7E-BB9A-8BFCF7796C34}.Release|x86.Build.0 = Release|Any CPU
		{62094675-3908-4C86-8EE7-7DACAE7DCE6C}.Debug|Any CPU.ActiveCfg = Debug|Any CPU
		{62094675-3908-4C86-8EE7-7DACAE7DCE6C}.Debug|Any CPU.Build.0 = Debug|Any CPU
		{62094675-3908-4C86-8EE7-7DACAE7DCE6C}.Debug|x64.ActiveCfg = Debug|Any CPU
		{62094675-3908-4C86-8EE7-7DACAE7DCE6C}.Debug|x64.Build.0 = Debug|Any CPU
		{62094675-3908-4C86-8EE7-7DACAE7DCE6C}.Debug|x86.ActiveCfg = Debug|Any CPU
		{62094675-3908-4C86-8EE7-7DACAE7DCE6C}.Debug|x86.Build.0 = Debug|Any CPU
		{62094675-3908-4C86-8EE7-7DACAE7DCE6C}.Release|Any CPU.ActiveCfg = Release|Any CPU
		{62094675-3908-4C86-8EE7-7DACAE7DCE6C}.Release|Any CPU.Build.0 = Release|Any CPU
		{62094675-3908-4C86-8EE7-7DACAE7DCE6C}.Release|x64.ActiveCfg = Release|Any CPU
		{62094675-3908-4C86-8EE7-7DACAE7DCE6C}.Release|x64.Build.0 = Release|Any CPU
		{62094675-3908-4C86-8EE7-7DACAE7DCE6C}.Release|x86.ActiveCfg = Release|Any CPU
		{62094675-3908-4C86-8EE7-7DACAE7DCE6C}.Release|x86.Build.0 = Release|Any CPU
		{67D2B8AE-107B-4C81-B36D-BB42ED846655}.Debug|Any CPU.ActiveCfg = Debug|Any CPU
		{67D2B8AE-107B-4C81-B36D-BB42ED846655}.Debug|Any CPU.Build.0 = Debug|Any CPU
		{67D2B8AE-107B-4C81-B36D-BB42ED846655}.Debug|x64.ActiveCfg = Debug|Any CPU
		{67D2B8AE-107B-4C81-B36D-BB42ED846655}.Debug|x64.Build.0 = Debug|Any CPU
		{67D2B8AE-107B-4C81-B36D-BB42ED846655}.Debug|x86.ActiveCfg = Debug|Any CPU
		{67D2B8AE-107B-4C81-B36D-BB42ED846655}.Debug|x86.Build.0 = Debug|Any CPU
		{67D2B8AE-107B-4C81-B36D-BB42ED846655}.Release|Any CPU.ActiveCfg = Release|Any CPU
		{67D2B8AE-107B-4C81-B36D-BB42ED846655}.Release|Any CPU.Build.0 = Release|Any CPU
		{67D2B8AE-107B-4C81-B36D-BB42ED846655}.Release|x64.ActiveCfg = Release|Any CPU
		{67D2B8AE-107B-4C81-B36D-BB42ED846655}.Release|x64.Build.0 = Release|Any CPU
		{67D2B8AE-107B-4C81-B36D-BB42ED846655}.Release|x86.ActiveCfg = Release|Any CPU
		{67D2B8AE-107B-4C81-B36D-BB42ED846655}.Release|x86.Build.0 = Release|Any CPU
		{9F9E3D59-64CC-4400-88CE-B0B39CDE8386}.Debug|Any CPU.ActiveCfg = Debug|Any CPU
		{9F9E3D59-64CC-4400-88CE-B0B39CDE8386}.Debug|Any CPU.Build.0 = Debug|Any CPU
		{9F9E3D59-64CC-4400-88CE-B0B39CDE8386}.Debug|x64.ActiveCfg = Debug|Any CPU
		{9F9E3D59-64CC-4400-88CE-B0B39CDE8386}.Debug|x64.Build.0 = Debug|Any CPU
		{9F9E3D59-64CC-4400-88CE-B0B39CDE8386}.Debug|x86.ActiveCfg = Debug|Any CPU
		{9F9E3D59-64CC-4400-88CE-B0B39CDE8386}.Debug|x86.Build.0 = Debug|Any CPU
		{9F9E3D59-64CC-4400-88CE-B0B39CDE8386}.Release|Any CPU.ActiveCfg = Release|Any CPU
		{9F9E3D59-64CC-4400-88CE-B0B39CDE8386}.Release|Any CPU.Build.0 = Release|Any CPU
		{9F9E3D59-64CC-4400-88CE-B0B39CDE8386}.Release|x64.ActiveCfg = Release|Any CPU
		{9F9E3D59-64CC-4400-88CE-B0B39CDE8386}.Release|x64.Build.0 = Release|Any CPU
		{9F9E3D59-64CC-4400-88CE-B0B39CDE8386}.Release|x86.ActiveCfg = Release|Any CPU
		{9F9E3D59-64CC-4400-88CE-B0B39CDE8386}.Release|x86.Build.0 = Release|Any CPU
		{BC519E8A-650B-4AF3-A5F7-FCAF393CB8F2}.Debug|Any CPU.ActiveCfg = Debug|Any CPU
		{BC519E8A-650B-4AF3-A5F7-FCAF393CB8F2}.Debug|Any CPU.Build.0 = Debug|Any CPU
		{BC519E8A-650B-4AF3-A5F7-FCAF393CB8F2}.Debug|x64.ActiveCfg = Debug|Any CPU
		{BC519E8A-650B-4AF3-A5F7-FCAF393CB8F2}.Debug|x64.Build.0 = Debug|Any CPU
		{BC519E8A-650B-4AF3-A5F7-FCAF393CB8F2}.Debug|x86.ActiveCfg = Debug|Any CPU
		{BC519E8A-650B-4AF3-A5F7-FCAF393CB8F2}.Debug|x86.Build.0 = Debug|Any CPU
		{BC519E8A-650B-4AF3-A5F7-FCAF393CB8F2}.Release|Any CPU.ActiveCfg = Release|Any CPU
		{BC519E8A-650B-4AF3-A5F7-FCAF393CB8F2}.Release|Any CPU.Build.0 = Release|Any CPU
		{BC519E8A-650B-4AF3-A5F7-FCAF393CB8F2}.Release|x64.ActiveCfg = Release|Any CPU
		{BC519E8A-650B-4AF3-A5F7-FCAF393CB8F2}.Release|x64.Build.0 = Release|Any CPU
		{BC519E8A-650B-4AF3-A5F7-FCAF393CB8F2}.Release|x86.ActiveCfg = Release|Any CPU
		{BC519E8A-650B-4AF3-A5F7-FCAF393CB8F2}.Release|x86.Build.0 = Release|Any CPU
		{F07D0DFF-0893-40EC-BFEE-3422EB2C237C}.Debug|Any CPU.ActiveCfg = Debug|Any CPU
		{F07D0DFF-0893-40EC-BFEE-3422EB2C237C}.Debug|Any CPU.Build.0 = Debug|Any CPU
		{F07D0DFF-0893-40EC-BFEE-3422EB2C237C}.Debug|x64.ActiveCfg = Debug|Any CPU
		{F07D0DFF-0893-40EC-BFEE-3422EB2C237C}.Debug|x64.Build.0 = Debug|Any CPU
		{F07D0DFF-0893-40EC-BFEE-3422EB2C237C}.Debug|x86.ActiveCfg = Debug|Any CPU
		{F07D0DFF-0893-40EC-BFEE-3422EB2C237C}.Debug|x86.Build.0 = Debug|Any CPU
		{F07D0DFF-0893-40EC-BFEE-3422EB2C237C}.Release|Any CPU.ActiveCfg = Release|Any CPU
		{F07D0DFF-0893-40EC-BFEE-3422EB2C237C}.Release|Any CPU.Build.0 = Release|Any CPU
		{F07D0DFF-0893-40EC-BFEE-3422EB2C237C}.Release|x64.ActiveCfg = Release|Any CPU
		{F07D0DFF-0893-40EC-BFEE-3422EB2C237C}.Release|x64.Build.0 = Release|Any CPU
		{F07D0DFF-0893-40EC-BFEE-3422EB2C237C}.Release|x86.ActiveCfg = Release|Any CPU
		{F07D0DFF-0893-40EC-BFEE-3422EB2C237C}.Release|x86.Build.0 = Release|Any CPU
		{39BB86D1-ADAB-4EC9-BF68-5E7C952DA6BD}.Debug|Any CPU.ActiveCfg = Debug|Any CPU
		{39BB86D1-ADAB-4EC9-BF68-5E7C952DA6BD}.Debug|Any CPU.Build.0 = Debug|Any CPU
		{39BB86D1-ADAB-4EC9-BF68-5E7C952DA6BD}.Debug|x64.ActiveCfg = Debug|Any CPU
		{39BB86D1-ADAB-4EC9-BF68-5E7C952DA6BD}.Debug|x64.Build.0 = Debug|Any CPU
		{39BB86D1-ADAB-4EC9-BF68-5E7C952DA6BD}.Debug|x86.ActiveCfg = Debug|Any CPU
		{39BB86D1-ADAB-4EC9-BF68-5E7C952DA6BD}.Debug|x86.Build.0 = Debug|Any CPU
		{39BB86D1-ADAB-4EC9-BF68-5E7C952DA6BD}.Release|Any CPU.ActiveCfg = Release|Any CPU
		{39BB86D1-ADAB-4EC9-BF68-5E7C952DA6BD}.Release|Any CPU.Build.0 = Release|Any CPU
		{39BB86D1-ADAB-4EC9-BF68-5E7C952DA6BD}.Release|x64.ActiveCfg = Release|Any CPU
		{39BB86D1-ADAB-4EC9-BF68-5E7C952DA6BD}.Release|x64.Build.0 = Release|Any CPU
		{39BB86D1-ADAB-4EC9-BF68-5E7C952DA6BD}.Release|x86.ActiveCfg = Release|Any CPU
		{39BB86D1-ADAB-4EC9-BF68-5E7C952DA6BD}.Release|x86.Build.0 = Release|Any CPU
		{C3AB1A80-391A-4F6A-95D3-9F0B457C6079}.Debug|Any CPU.ActiveCfg = Debug|Any CPU
		{C3AB1A80-391A-4F6A-95D3-9F0B457C6079}.Debug|Any CPU.Build.0 = Debug|Any CPU
		{C3AB1A80-391A-4F6A-95D3-9F0B457C6079}.Debug|x64.ActiveCfg = Debug|Any CPU
		{C3AB1A80-391A-4F6A-95D3-9F0B457C6079}.Debug|x64.Build.0 = Debug|Any CPU
		{C3AB1A80-391A-4F6A-95D3-9F0B457C6079}.Debug|x86.ActiveCfg = Debug|Any CPU
		{C3AB1A80-391A-4F6A-95D3-9F0B457C6079}.Debug|x86.Build.0 = Debug|Any CPU
		{C3AB1A80-391A-4F6A-95D3-9F0B457C6079}.Release|Any CPU.ActiveCfg = Release|Any CPU
		{C3AB1A80-391A-4F6A-95D3-9F0B457C6079}.Release|Any CPU.Build.0 = Release|Any CPU
		{C3AB1A80-391A-4F6A-95D3-9F0B457C6079}.Release|x64.ActiveCfg = Release|Any CPU
		{C3AB1A80-391A-4F6A-95D3-9F0B457C6079}.Release|x64.Build.0 = Release|Any CPU
		{C3AB1A80-391A-4F6A-95D3-9F0B457C6079}.Release|x86.ActiveCfg = Release|Any CPU
		{C3AB1A80-391A-4F6A-95D3-9F0B457C6079}.Release|x86.Build.0 = Release|Any CPU
		{E8CBE926-D5E1-4750-919B-BF445FB7CF02}.Debug|Any CPU.ActiveCfg = Debug|Any CPU
		{E8CBE926-D5E1-4750-919B-BF445FB7CF02}.Debug|Any CPU.Build.0 = Debug|Any CPU
		{E8CBE926-D5E1-4750-919B-BF445FB7CF02}.Debug|x64.ActiveCfg = Debug|Any CPU
		{E8CBE926-D5E1-4750-919B-BF445FB7CF02}.Debug|x64.Build.0 = Debug|Any CPU
		{E8CBE926-D5E1-4750-919B-BF445FB7CF02}.Debug|x86.ActiveCfg = Debug|Any CPU
		{E8CBE926-D5E1-4750-919B-BF445FB7CF02}.Debug|x86.Build.0 = Debug|Any CPU
		{E8CBE926-D5E1-4750-919B-BF445FB7CF02}.Release|Any CPU.ActiveCfg = Release|Any CPU
		{E8CBE926-D5E1-4750-919B-BF445FB7CF02}.Release|Any CPU.Build.0 = Release|Any CPU
		{E8CBE926-D5E1-4750-919B-BF445FB7CF02}.Release|x64.ActiveCfg = Release|Any CPU
		{E8CBE926-D5E1-4750-919B-BF445FB7CF02}.Release|x64.Build.0 = Release|Any CPU
		{E8CBE926-D5E1-4750-919B-BF445FB7CF02}.Release|x86.ActiveCfg = Release|Any CPU
		{E8CBE926-D5E1-4750-919B-BF445FB7CF02}.Release|x86.Build.0 = Release|Any CPU
		{E83C8F0F-B089-422D-9291-7D4DCB5C0B4C}.Debug|Any CPU.ActiveCfg = Debug|Any CPU
		{E83C8F0F-B089-422D-9291-7D4DCB5C0B4C}.Debug|Any CPU.Build.0 = Debug|Any CPU
		{E83C8F0F-B089-422D-9291-7D4DCB5C0B4C}.Debug|x64.ActiveCfg = Debug|Any CPU
		{E83C8F0F-B089-422D-9291-7D4DCB5C0B4C}.Debug|x64.Build.0 = Debug|Any CPU
		{E83C8F0F-B089-422D-9291-7D4DCB5C0B4C}.Debug|x86.ActiveCfg = Debug|Any CPU
		{E83C8F0F-B089-422D-9291-7D4DCB5C0B4C}.Debug|x86.Build.0 = Debug|Any CPU
		{E83C8F0F-B089-422D-9291-7D4DCB5C0B4C}.Release|Any CPU.ActiveCfg = Release|Any CPU
		{E83C8F0F-B089-422D-9291-7D4DCB5C0B4C}.Release|Any CPU.Build.0 = Release|Any CPU
		{E83C8F0F-B089-422D-9291-7D4DCB5C0B4C}.Release|x64.ActiveCfg = Release|Any CPU
		{E83C8F0F-B089-422D-9291-7D4DCB5C0B4C}.Release|x64.Build.0 = Release|Any CPU
		{E83C8F0F-B089-422D-9291-7D4DCB5C0B4C}.Release|x86.ActiveCfg = Release|Any CPU
		{E83C8F0F-B089-422D-9291-7D4DCB5C0B4C}.Release|x86.Build.0 = Release|Any CPU
		{9B69A9E2-00AD-4F07-89FE-26937F82E25B}.Debug|Any CPU.ActiveCfg = Debug|Any CPU
		{9B69A9E2-00AD-4F07-89FE-26937F82E25B}.Debug|Any CPU.Build.0 = Debug|Any CPU
		{9B69A9E2-00AD-4F07-89FE-26937F82E25B}.Debug|x64.ActiveCfg = Debug|Any CPU
		{9B69A9E2-00AD-4F07-89FE-26937F82E25B}.Debug|x64.Build.0 = Debug|Any CPU
		{9B69A9E2-00AD-4F07-89FE-26937F82E25B}.Debug|x86.ActiveCfg = Debug|Any CPU
		{9B69A9E2-00AD-4F07-89FE-26937F82E25B}.Debug|x86.Build.0 = Debug|Any CPU
		{9B69A9E2-00AD-4F07-89FE-26937F82E25B}.Release|Any CPU.ActiveCfg = Release|Any CPU
		{9B69A9E2-00AD-4F07-89FE-26937F82E25B}.Release|Any CPU.Build.0 = Release|Any CPU
		{9B69A9E2-00AD-4F07-89FE-26937F82E25B}.Release|x64.ActiveCfg = Release|Any CPU
		{9B69A9E2-00AD-4F07-89FE-26937F82E25B}.Release|x64.Build.0 = Release|Any CPU
		{9B69A9E2-00AD-4F07-89FE-26937F82E25B}.Release|x86.ActiveCfg = Release|Any CPU
		{9B69A9E2-00AD-4F07-89FE-26937F82E25B}.Release|x86.Build.0 = Release|Any CPU
		{E786851C-D11D-4405-A8AA-55700C9C23A6}.Debug|Any CPU.ActiveCfg = Debug|Any CPU
		{E786851C-D11D-4405-A8AA-55700C9C23A6}.Debug|Any CPU.Build.0 = Debug|Any CPU
		{E786851C-D11D-4405-A8AA-55700C9C23A6}.Debug|x64.ActiveCfg = Debug|Any CPU
		{E786851C-D11D-4405-A8AA-55700C9C23A6}.Debug|x64.Build.0 = Debug|Any CPU
		{E786851C-D11D-4405-A8AA-55700C9C23A6}.Debug|x86.ActiveCfg = Debug|Any CPU
		{E786851C-D11D-4405-A8AA-55700C9C23A6}.Debug|x86.Build.0 = Debug|Any CPU
		{E786851C-D11D-4405-A8AA-55700C9C23A6}.Release|Any CPU.ActiveCfg = Release|Any CPU
		{E786851C-D11D-4405-A8AA-55700C9C23A6}.Release|Any CPU.Build.0 = Release|Any CPU
		{E786851C-D11D-4405-A8AA-55700C9C23A6}.Release|x64.ActiveCfg = Release|Any CPU
		{E786851C-D11D-4405-A8AA-55700C9C23A6}.Release|x64.Build.0 = Release|Any CPU
		{E786851C-D11D-4405-A8AA-55700C9C23A6}.Release|x86.ActiveCfg = Release|Any CPU
		{E786851C-D11D-4405-A8AA-55700C9C23A6}.Release|x86.Build.0 = Release|Any CPU
		{21A6AC53-23B8-4F47-B694-415BB2147807}.Debug|Any CPU.ActiveCfg = Debug|Any CPU
		{21A6AC53-23B8-4F47-B694-415BB2147807}.Debug|Any CPU.Build.0 = Debug|Any CPU
		{21A6AC53-23B8-4F47-B694-415BB2147807}.Debug|x64.ActiveCfg = Debug|Any CPU
		{21A6AC53-23B8-4F47-B694-415BB2147807}.Debug|x64.Build.0 = Debug|Any CPU
		{21A6AC53-23B8-4F47-B694-415BB2147807}.Debug|x86.ActiveCfg = Debug|Any CPU
		{21A6AC53-23B8-4F47-B694-415BB2147807}.Debug|x86.Build.0 = Debug|Any CPU
		{21A6AC53-23B8-4F47-B694-415BB2147807}.Release|Any CPU.ActiveCfg = Release|Any CPU
		{21A6AC53-23B8-4F47-B694-415BB2147807}.Release|Any CPU.Build.0 = Release|Any CPU
		{21A6AC53-23B8-4F47-B694-415BB2147807}.Release|x64.ActiveCfg = Release|Any CPU
		{21A6AC53-23B8-4F47-B694-415BB2147807}.Release|x64.Build.0 = Release|Any CPU
		{21A6AC53-23B8-4F47-B694-415BB2147807}.Release|x86.ActiveCfg = Release|Any CPU
		{21A6AC53-23B8-4F47-B694-415BB2147807}.Release|x86.Build.0 = Release|Any CPU
		{B6830B13-5CFE-4A0F-BA57-26A969E6E2DF}.Debug|Any CPU.ActiveCfg = Debug|Any CPU
		{B6830B13-5CFE-4A0F-BA57-26A969E6E2DF}.Debug|Any CPU.Build.0 = Debug|Any CPU
		{B6830B13-5CFE-4A0F-BA57-26A969E6E2DF}.Debug|x64.ActiveCfg = Debug|Any CPU
		{B6830B13-5CFE-4A0F-BA57-26A969E6E2DF}.Debug|x64.Build.0 = Debug|Any CPU
		{B6830B13-5CFE-4A0F-BA57-26A969E6E2DF}.Debug|x86.ActiveCfg = Debug|Any CPU
		{B6830B13-5CFE-4A0F-BA57-26A969E6E2DF}.Debug|x86.Build.0 = Debug|Any CPU
		{B6830B13-5CFE-4A0F-BA57-26A969E6E2DF}.Release|Any CPU.ActiveCfg = Release|Any CPU
		{B6830B13-5CFE-4A0F-BA57-26A969E6E2DF}.Release|Any CPU.Build.0 = Release|Any CPU
		{B6830B13-5CFE-4A0F-BA57-26A969E6E2DF}.Release|x64.ActiveCfg = Release|Any CPU
		{B6830B13-5CFE-4A0F-BA57-26A969E6E2DF}.Release|x64.Build.0 = Release|Any CPU
		{B6830B13-5CFE-4A0F-BA57-26A969E6E2DF}.Release|x86.ActiveCfg = Release|Any CPU
		{B6830B13-5CFE-4A0F-BA57-26A969E6E2DF}.Release|x86.Build.0 = Release|Any CPU
		{F719D398-8B2E-4F1B-8025-59ADABA5BDEC}.Debug|Any CPU.ActiveCfg = Debug|Any CPU
		{F719D398-8B2E-4F1B-8025-59ADABA5BDEC}.Debug|Any CPU.Build.0 = Debug|Any CPU
		{F719D398-8B2E-4F1B-8025-59ADABA5BDEC}.Debug|x64.ActiveCfg = Debug|Any CPU
		{F719D398-8B2E-4F1B-8025-59ADABA5BDEC}.Debug|x64.Build.0 = Debug|Any CPU
		{F719D398-8B2E-4F1B-8025-59ADABA5BDEC}.Debug|x86.ActiveCfg = Debug|Any CPU
		{F719D398-8B2E-4F1B-8025-59ADABA5BDEC}.Debug|x86.Build.0 = Debug|Any CPU
		{F719D398-8B2E-4F1B-8025-59ADABA5BDEC}.Release|Any CPU.ActiveCfg = Release|Any CPU
		{F719D398-8B2E-4F1B-8025-59ADABA5BDEC}.Release|Any CPU.Build.0 = Release|Any CPU
		{F719D398-8B2E-4F1B-8025-59ADABA5BDEC}.Release|x64.ActiveCfg = Release|Any CPU
		{F719D398-8B2E-4F1B-8025-59ADABA5BDEC}.Release|x64.Build.0 = Release|Any CPU
		{F719D398-8B2E-4F1B-8025-59ADABA5BDEC}.Release|x86.ActiveCfg = Release|Any CPU
		{F719D398-8B2E-4F1B-8025-59ADABA5BDEC}.Release|x86.Build.0 = Release|Any CPU
	EndGlobalSection
	GlobalSection(SolutionProperties) = preSolution
		HideSolutionNode = FALSE
	EndGlobalSection
	GlobalSection(NestedProjects) = preSolution
		{BCEEEE75-9444-47EF-8EFE-53EAD0B690CF} = {0AB3BF05-4346-4AA6-1389-037BE0695223}
		{F2C9F6DE-29EC-47C2-AC14-4E5976588D48} = {7093629E-AEA4-902C-2483-A7E7B1CCEE25}
		{DDDE5DE1-C8BF-49B6-8DFF-3A1DF2C87EF7} = {7093629E-AEA4-902C-2483-A7E7B1CCEE25}
		{4EFD1F64-34BA-4B93-BA55-C4B26919D445} = {7093629E-AEA4-902C-2483-A7E7B1CCEE25}
		{01661B54-22A6-43F1-BC55-032D7A58A5CD} = {7093629E-AEA4-902C-2483-A7E7B1CCEE25}
		{9549BA81-DA8F-432A-B2E1-16A060CDBA59} = {7093629E-AEA4-902C-2483-A7E7B1CCEE25}
		{126A6604-82BF-4425-A57B-555CB7F8589B} = {8FC84A6C-4B65-8FE0-829A-84EAAA253C09}
		{F2CF2B3A-9B52-44CC-928E-0441EF0102E9} = {8FC84A6C-4B65-8FE0-829A-84EAAA253C09}
		{6DC8FEE1-E162-421C-8C91-3B770A2E23AD} = {8FC84A6C-4B65-8FE0-829A-84EAAA253C09}
		{0D82DDB9-182A-4C7E-BB9A-8BFCF7796C34} = {8FC84A6C-4B65-8FE0-829A-84EAAA253C09}
		{62094675-3908-4C86-8EE7-7DACAE7DCE6C} = {8FC84A6C-4B65-8FE0-829A-84EAAA253C09}
		{67D2B8AE-107B-4C81-B36D-BB42ED846655} = {75CA83C6-6FEA-8260-D874-2DA8EDDDC49B}
		{9F9E3D59-64CC-4400-88CE-B0B39CDE8386} = {75CA83C6-6FEA-8260-D874-2DA8EDDDC49B}
		{BC519E8A-650B-4AF3-A5F7-FCAF393CB8F2} = {75CA83C6-6FEA-8260-D874-2DA8EDDDC49B}
		{F07D0DFF-0893-40EC-BFEE-3422EB2C237C} = {75CA83C6-6FEA-8260-D874-2DA8EDDDC49B}
		{39BB86D1-ADAB-4EC9-BF68-5E7C952DA6BD} = {75CA83C6-6FEA-8260-D874-2DA8EDDDC49B}
		{C3AB1A80-391A-4F6A-95D3-9F0B457C6079} = {75CA83C6-6FEA-8260-D874-2DA8EDDDC49B}
		{E8CBE926-D5E1-4750-919B-BF445FB7CF02} = {75CA83C6-6FEA-8260-D874-2DA8EDDDC49B}
		{E83C8F0F-B089-422D-9291-7D4DCB5C0B4C} = {A547F238-737B-0D0E-8928-AB6A1CC1B2DB}
		{9B69A9E2-00AD-4F07-89FE-26937F82E25B} = {A547F238-737B-0D0E-8928-AB6A1CC1B2DB}
		{E786851C-D11D-4405-A8AA-55700C9C23A6} = {A547F238-737B-0D0E-8928-AB6A1CC1B2DB}
		{21A6AC53-23B8-4F47-B694-415BB2147807} = {A547F238-737B-0D0E-8928-AB6A1CC1B2DB}
		{B6830B13-5CFE-4A0F-BA57-26A969E6E2DF} = {A547F238-737B-0D0E-8928-AB6A1CC1B2DB}
		{F719D398-8B2E-4F1B-8025-59ADABA5BDEC} = {51015F48-3032-47FB-0DF1-EC3F60EA4EF6}
	EndGlobalSection
	GlobalSection(ExtensibilityGlobals) = postSolution
		SolutionGuid = {DD5D5541-77DF-485D-BF08-E591569B4276}
	EndGlobalSection
EndGlobal
