
Microsoft Visual Studio Solution File, Format Version 12.00
# Visual Studio Version 18
VisualStudioVersion = 18.9.12120.119
MinimumVisualStudioVersion = 10.0.40219.1
Project("{FAE04EC0-301F-11D3-BF4B-00C04F79EFBC}") = "DataverseSyncWorker", "DataverseSyncWorker\DataverseSyncWorker.csproj", "{58E63B6C-AD5F-419E-9909-1F0474F4B26A}"
EndProject
Project("{2150E333-8FDC-42A3-9474-1A3956D46DE8}") = "plugins", "plugins", "{07D57EEB-2F50-60C4-C011-FE4FA775C9A8}"
EndProject
Project("{FAE04EC0-301F-11D3-BF4B-00C04F79EFBC}") = "FMCentralBms.Plugins", "plugins\FMCentralBms.Plugins\FMCentralBms.Plugins.csproj", "{01D52441-9748-487B-972F-254A3BE97C22}"
EndProject
Project("{2150E333-8FDC-42A3-9474-1A3956D46DE8}") = "tests", "tests", "{0AB3BF05-4346-4AA6-1389-037BE0695223}"
EndProject
Project("{FAE04EC0-301F-11D3-BF4B-00C04F79EFBC}") = "MetasysPoc.Tests", "tests\MetasysPoc.Tests\MetasysPoc.Tests.csproj", "{BCEEEE75-9444-47EF-8EFE-53EAD0B690CF}"
EndProject
Project("{FAE04EC0-301F-11D3-BF4B-00C04F79EFBC}") = "SpoIngestion.Core", "SpoIngestion.Core\SpoIngestion.Core.csproj", "{8344506E-4051-47D4-8DD7-7697AC2FB3CC}"
EndProject
Project("{FAE04EC0-301F-11D3-BF4B-00C04F79EFBC}") = "SpoIngestion.Cli", "SpoIngestion.Cli\SpoIngestion.Cli.csproj", "{35D92FF3-2AEC-4B1C-B427-6F429BFE3800}"
EndProject
Project("{FAE04EC0-301F-11D3-BF4B-00C04F79EFBC}") = "SpoIngestion.Functions", "SpoIngestion.Functions\SpoIngestion.Functions.csproj", "{0F4DD3AC-8E74-4654-B072-0EDF81EBAB67}"
EndProject
Project("{2150E333-8FDC-42A3-9474-1A3956D46DE8}") = "BMS.Ingestion", "BMS.Ingestion", "{7093629E-AEA4-902C-2483-A7E7B1CCEE25}"
EndProject
Project("{FAE04EC0-301F-11D3-BF4B-00C04F79EFBC}") = "BMS.Ingestion.App", "BMS.Ingestion\BMS.Ingestion.App\BMS.Ingestion.App.csproj", "{F2C9F6DE-29EC-47C2-AC14-4E5976588D48}"
EndProject
Project("{FAE04EC0-301F-11D3-BF4B-00C04F79EFBC}") = "BMS.Ingestion.Business", "BMS.Ingestion\BMS.Ingestion.Business\BMS.Ingestion.Business.csproj", "{DDDE5DE1-C8BF-49B6-8DFF-3A1DF2C87EF7}"
EndProject
Project("{FAE04EC0-301F-11D3-BF4B-00C04F79EFBC}") = "BMS.Ingestion.Common", "BMS.Ingestion\BMS.Ingestion.Common\BMS.Ingestion.Common.csproj", "{4EFD1F64-34BA-4B93-BA55-C4B26919D445}"
EndProject
Project("{FAE04EC0-301F-11D3-BF4B-00C04F79EFBC}") = "BMS.Ingestion.Domain", "BMS.Ingestion\BMS.Ingestion.Domain\BMS.Ingestion.Domain.csproj", "{01661B54-22A6-43F1-BC55-032D7A58A5CD}"
EndProject
Project("{FAE04EC0-301F-11D3-BF4B-00C04F79EFBC}") = "BMS.Ingestion.DataAccess", "BMS.Ingestion\BMS.Ingestion.DataAccess\BMS.Ingestion.DataAccess.csproj", "{9549BA81-DA8F-432A-B2E1-16A060CDBA59}"
EndProject
Project("{2150E333-8FDC-42A3-9474-1A3956D46DE8}") = "BMS.Fake", "BMS.Fake", "{8FC84A6C-4B65-8FE0-829A-84EAAA253C09}"
EndProject
Project("{FAE04EC0-301F-11D3-BF4B-00C04F79EFBC}") = "BMS.Fake.App", "BMS.Fake\BMS.Fake.App\BMS.Fake.App.csproj", "{126A6604-82BF-4425-A57B-555CB7F8589B}"
EndProject
Project("{FAE04EC0-301F-11D3-BF4B-00C04F79EFBC}") = "BMS.Fake.Business", "BMS.Fake\BMS.Fake.Business\BMS.Fake.Business.csproj", "{F2CF2B3A-9B52-44CC-928E-0441EF0102E9}"
EndProject
Project("{FAE04EC0-301F-11D3-BF4B-00C04F79EFBC}") = "BMS.Fake.Common", "BMS.Fake\BMS.Fake.Common\BMS.Fake.Common.csproj", "{6DC8FEE1-E162-421C-8C91-3B770A2E23AD}"
EndProject
Project("{FAE04EC0-301F-11D3-BF4B-00C04F79EFBC}") = "BMS.Fake.Domain", "BMS.Fake\BMS.Fake.Domain\BMS.Fake.Domain.csproj", "{0D82DDB9-182A-4C7E-BB9A-8BFCF7796C34}"
EndProject
Project("{FAE04EC0-301F-11D3-BF4B-00C04F79EFBC}") = "BMS.Fake.DataAccess", "BMS.Fake\BMS.Fake.DataAccess\BMS.Fake.DataAccess.csproj", "{62094675-3908-4C86-8EE7-7DACAE7DCE6C}"
EndProject
Global
	GlobalSection(SolutionConfigurationPlatforms) = preSolution
		Debug|Any CPU = Debug|Any CPU
		Debug|x64 = Debug|x64
		Debug|x86 = Debug|x86
		Release|Any CPU = Release|Any CPU
		Release|x64 = Release|x64
		Release|x86 = Release|x86
	EndGlobalSection
	GlobalSection(ProjectConfigurationPlatforms) = postSolution
		{58E63B6C-AD5F-419E-9909-1F0474F4B26A}.Debug|Any CPU.ActiveCfg = Debug|Any CPU
		{58E63B6C-AD5F-419E-9909-1F0474F4B26A}.Debug|Any CPU.Build.0 = Debug|Any CPU
		{58E63B6C-AD5F-419E-9909-1F0474F4B26A}.Debug|x64.ActiveCfg = Debug|Any CPU
		{58E63B6C-AD5F-419E-9909-1F0474F4B26A}.Debug|x64.Build.0 = Debug|Any CPU
		{58E63B6C-AD5F-419E-9909-1F0474F4B26A}.Debug|x86.ActiveCfg = Debug|Any CPU
		{58E63B6C-AD5F-419E-9909-1F0474F4B26A}.Debug|x86.Build.0 = Debug|Any CPU
		{58E63B6C-AD5F-419E-9909-1F0474F4B26A}.Release|Any CPU.ActiveCfg = Release|Any CPU
		{58E63B6C-AD5F-419E-9909-1F0474F4B26A}.Release|Any CPU.Build.0 = Release|Any CPU
		{58E63B6C-AD5F-419E-9909-1F0474F4B26A}.Release|x64.ActiveCfg = Release|Any CPU
		{58E63B6C-AD5F-419E-9909-1F0474F4B26A}.Release|x64.Build.0 = Release|Any CPU
		{58E63B6C-AD5F-419E-9909-1F0474F4B26A}.Release|x86.ActiveCfg = Release|Any CPU
		{58E63B6C-AD5F-419E-9909-1F0474F4B26A}.Release|x86.Build.0 = Release|Any CPU
		{01D52441-9748-487B-972F-254A3BE97C22}.Debug|Any CPU.ActiveCfg = Debug|Any CPU
		{01D52441-9748-487B-972F-254A3BE97C22}.Debug|Any CPU.Build.0 = Debug|Any CPU
		{01D52441-9748-487B-972F-254A3BE97C22}.Debug|x64.ActiveCfg = Debug|Any CPU
		{01D52441-9748-487B-972F-254A3BE97C22}.Debug|x64.Build.0 = Debug|Any CPU
		{01D52441-9748-487B-972F-254A3BE97C22}.Debug|x86.ActiveCfg = Debug|Any CPU
		{01D52441-9748-487B-972F-254A3BE97C22}.Debug|x86.Build.0 = Debug|Any CPU
		{01D52441-9748-487B-972F-254A3BE97C22}.Release|Any CPU.ActiveCfg = Release|Any CPU
		{01D52441-9748-487B-972F-254A3BE97C22}.Release|Any CPU.Build.0 = Release|Any CPU
		{01D52441-9748-487B-972F-254A3BE97C22}.Release|x64.ActiveCfg = Release|Any CPU
		{01D52441-9748-487B-972F-254A3BE97C22}.Release|x64.Build.0 = Release|Any CPU
		{01D52441-9748-487B-972F-254A3BE97C22}.Release|x86.ActiveCfg = Release|Any CPU
		{01D52441-9748-487B-972F-254A3BE97C22}.Release|x86.Build.0 = Release|Any CPU
		{BCEEEE75-9444-47EF-8EFE-53EAD0B690CF}.Debug|Any CPU.ActiveCfg = Debug|Any CPU
		{BCEEEE75-9444-47EF-8EFE-53EAD0B690CF}.Debug|Any CPU.Build.0 = Debug|Any CPU
		{BCEEEE75-9444-47EF-8EFE-53EAD0B690CF}.Debug|x64.ActiveCfg = Debug|Any CPU
		{BCEEEE75-9444-47EF-8EFE-53EAD0B690CF}.Debug|x64.Build.0 = Debug|Any CPU
		{BCEEEE75-9444-47EF-8EFE-53EAD0B690CF}.Debug|x86.ActiveCfg = Debug|Any CPU
		{BCEEEE75-9444-47EF-8EFE-53EAD0B690CF}.Debug|x86.Build.0 = Debug|Any CPU
		{BCEEEE75-9444-47EF-8EFE-53EAD0B690CF}.Release|Any CPU.ActiveCfg = Release|Any CPU
		{BCEEEE75-9444-47EF-8EFE-53EAD0B690CF}.Release|Any CPU.Build.0 = Release|Any CPU
		{BCEEEE75-9444-47EF-8EFE-53EAD0B690CF}.Release|x64.ActiveCfg = Release|Any CPU
		{BCEEEE75-9444-47EF-8EFE-53EAD0B690CF}.Release|x64.Build.0 = Release|Any CPU
		{BCEEEE75-9444-47EF-8EFE-53EAD0B690CF}.Release|x86.ActiveCfg = Release|Any CPU
		{BCEEEE75-9444-47EF-8EFE-53EAD0B690CF}.Release|x86.Build.0 = Release|Any CPU
		{8344506E-4051-47D4-8DD7-7697AC2FB3CC}.Debug|Any CPU.ActiveCfg = Debug|Any CPU
		{8344506E-4051-47D4-8DD7-7697AC2FB3CC}.Debug|Any CPU.Build.0 = Debug|Any CPU
		{8344506E-4051-47D4-8DD7-7697AC2FB3CC}.Debug|x64.ActiveCfg = Debug|Any CPU
		{8344506E-4051-47D4-8DD7-7697AC2FB3CC}.Debug|x64.Build.0 = Debug|Any CPU
		{8344506E-4051-47D4-8DD7-7697AC2FB3CC}.Debug|x86.ActiveCfg = Debug|Any CPU
		{8344506E-4051-47D4-8DD7-7697AC2FB3CC}.Debug|x86.Build.0 = Debug|Any CPU
		{8344506E-4051-47D4-8DD7-7697AC2FB3CC}.Release|Any CPU.ActiveCfg = Release|Any CPU
		{8344506E-4051-47D4-8DD7-7697AC2FB3CC}.Release|Any CPU.Build.0 = Release|Any CPU
		{8344506E-4051-47D4-8DD7-7697AC2FB3CC}.Release|x64.ActiveCfg = Release|Any CPU
		{8344506E-4051-47D4-8DD7-7697AC2FB3CC}.Release|x64.Build.0 = Release|Any CPU
		{8344506E-4051-47D4-8DD7-7697AC2FB3CC}.Release|x86.ActiveCfg = Release|Any CPU
		{8344506E-4051-47D4-8DD7-7697AC2FB3CC}.Release|x86.Build.0 = Release|Any CPU
		{35D92FF3-2AEC-4B1C-B427-6F429BFE3800}.Debug|Any CPU.ActiveCfg = Debug|Any CPU
		{35D92FF3-2AEC-4B1C-B427-6F429BFE3800}.Debug|Any CPU.Build.0 = Debug|Any CPU
		{35D92FF3-2AEC-4B1C-B427-6F429BFE3800}.Debug|x64.ActiveCfg = Debug|Any CPU
		{35D92FF3-2AEC-4B1C-B427-6F429BFE3800}.Debug|x64.Build.0 = Debug|Any CPU
		{35D92FF3-2AEC-4B1C-B427-6F429BFE3800}.Debug|x86.ActiveCfg = Debug|Any CPU
		{35D92FF3-2AEC-4B1C-B427-6F429BFE3800}.Debug|x86.Build.0 = Debug|Any CPU
		{35D92FF3-2AEC-4B1C-B427-6F429BFE3800}.Release|Any CPU.ActiveCfg = Release|Any CPU
		{35D92FF3-2AEC-4B1C-B427-6F429BFE3800}.Release|Any CPU.Build.0 = Release|Any CPU
		{35D92FF3-2AEC-4B1C-B427-6F429BFE3800}.Release|x64.ActiveCfg = Release|Any CPU
		{35D92FF3-2AEC-4B1C-B427-6F429BFE3800}.Release|x64.Build.0 = Release|Any CPU
		{35D92FF3-2AEC-4B1C-B427-6F429BFE3800}.Release|x86.ActiveCfg = Release|Any CPU
		{35D92FF3-2AEC-4B1C-B427-6F429BFE3800}.Release|x86.Build.0 = Release|Any CPU
		{0F4DD3AC-8E74-4654-B072-0EDF81EBAB67}.Debug|Any CPU.ActiveCfg = Debug|Any CPU
		{0F4DD3AC-8E74-4654-B072-0EDF81EBAB67}.Debug|Any CPU.Build.0 = Debug|Any CPU
		{0F4DD3AC-8E74-4654-B072-0EDF81EBAB67}.Debug|x64.ActiveCfg = Debug|Any CPU
		{0F4DD3AC-8E74-4654-B072-0EDF81EBAB67}.Debug|x64.Build.0 = Debug|Any CPU
		{0F4DD3AC-8E74-4654-B072-0EDF81EBAB67}.Debug|x86.ActiveCfg = Debug|Any CPU
		{0F4DD3AC-8E74-4654-B072-0EDF81EBAB67}.Debug|x86.Build.0 = Debug|Any CPU
		{0F4DD3AC-8E74-4654-B072-0EDF81EBAB67}.Release|Any CPU.ActiveCfg = Release|Any CPU
		{0F4DD3AC-8E74-4654-B072-0EDF81EBAB67}.Release|Any CPU.Build.0 = Release|Any CPU
		{0F4DD3AC-8E74-4654-B072-0EDF81EBAB67}.Release|x64.ActiveCfg = Release|Any CPU
		{0F4DD3AC-8E74-4654-B072-0EDF81EBAB67}.Release|x64.Build.0 = Release|Any CPU
		{0F4DD3AC-8E74-4654-B072-0EDF81EBAB67}.Release|x86.ActiveCfg = Release|Any CPU
		{0F4DD3AC-8E74-4654-B072-0EDF81EBAB67}.Release|x86.Build.0 = Release|Any CPU
		{F2C9F6DE-29EC-47C2-AC14-4E5976588D48}.Debug|Any CPU.ActiveCfg = Debug|Any CPU
		{F2C9F6DE-29EC-47C2-AC14-4E5976588D48}.Debug|Any CPU.Build.0 = Debug|Any CPU
		{F2C9F6DE-29EC-47C2-AC14-4E5976588D48}.Debug|x64.ActiveCfg = Debug|Any CPU
		{F2C9F6DE-29EC-47C2-AC14-4E5976588D48}.Debug|x64.Build.0 = Debug|Any CPU
		{F2C9F6DE-29EC-47C2-AC14-4E5976588D48}.Debug|x86.ActiveCfg = Debug|Any CPU
		{F2C9F6DE-29EC-47C2-AC14-4E5976588D48}.Debug|x86.Build.0 = Debug|Any CPU
		{F2C9F6DE-29EC-47C2-AC14-4E5976588D48}.Release|Any CPU.ActiveCfg = Release|Any CPU
		{F2C9F6DE-29EC-47C2-AC14-4E5976588D48}.Release|Any CPU.Build.0 = Release|Any CPU
		{F2C9F6DE-29EC-47C2-AC14-4E5976588D48}.Release|x64.ActiveCfg = Release|Any CPU
		{F2C9F6DE-29EC-47C2-AC14-4E5976588D48}.Release|x64.Build.0 = Release|Any CPU
		{F2C9F6DE-29EC-47C2-AC14-4E5976588D48}.Release|x86.ActiveCfg = Release|Any CPU
		{F2C9F6DE-29EC-47C2-AC14-4E5976588D48}.Release|x86.Build.0 = Release|Any CPU
		{DDDE5DE1-C8BF-49B6-8DFF-3A1DF2C87EF7}.Debug|Any CPU.ActiveCfg = Debug|Any CPU
		{DDDE5DE1-C8BF-49B6-8DFF-3A1DF2C87EF7}.Debug|Any CPU.Build.0 = Debug|Any CPU
		{DDDE5DE1-C8BF-49B6-8DFF-3A1DF2C87EF7}.Debug|x64.ActiveCfg = Debug|Any CPU
		{DDDE5DE1-C8BF-49B6-8DFF-3A1DF2C87EF7}.Debug|x64.Build.0 = Debug|Any CPU
		{DDDE5DE1-C8BF-49B6-8DFF-3A1DF2C87EF7}.Debug|x86.ActiveCfg = Debug|Any CPU
		{DDDE5DE1-C8BF-49B6-8DFF-3A1DF2C87EF7}.Debug|x86.Build.0 = Debug|Any CPU
		{DDDE5DE1-C8BF-49B6-8DFF-3A1DF2C87EF7}.Release|Any CPU.ActiveCfg = Release|Any CPU
		{DDDE5DE1-C8BF-49B6-8DFF-3A1DF2C87EF7}.Release|Any CPU.Build.0 = Release|Any CPU
		{DDDE5DE1-C8BF-49B6-8DFF-3A1DF2C87EF7}.Release|x64.ActiveCfg = Release|Any CPU
		{DDDE5DE1-C8BF-49B6-8DFF-3A1DF2C87EF7}.Release|x64.Build.0 = Release|Any CPU
		{DDDE5DE1-C8BF-49B6-8DFF-3A1DF2C87EF7}.Release|x86.ActiveCfg = Release|Any CPU
		{DDDE5DE1-C8BF-49B6-8DFF-3A1DF2C87EF7}.Release|x86.Build.0 = Release|Any CPU
		{4EFD1F64-34BA-4B93-BA55-C4B26919D445}.Debug|Any CPU.ActiveCfg = Debug|Any CPU
		{4EFD1F64-34BA-4B93-BA55-C4B26919D445}.Debug|Any CPU.Build.0 = Debug|Any CPU
		{4EFD1F64-34BA-4B93-BA55-C4B26919D445}.Debug|x64.ActiveCfg = Debug|Any CPU
		{4EFD1F64-34BA-4B93-BA55-C4B26919D445}.Debug|x64.Build.0 = Debug|Any CPU
		{4EFD1F64-34BA-4B93-BA55-C4B26919D445}.Debug|x86.ActiveCfg = Debug|Any CPU
		{4EFD1F64-34BA-4B93-BA55-C4B26919D445}.Debug|x86.Build.0 = Debug|Any CPU
		{4EFD1F64-34BA-4B93-BA55-C4B26919D445}.Release|Any CPU.ActiveCfg = Release|Any CPU
		{4EFD1F64-34BA-4B93-BA55-C4B26919D445}.Release|Any CPU.Build.0 = Release|Any CPU
		{4EFD1F64-34BA-4B93-BA55-C4B26919D445}.Release|x64.ActiveCfg = Release|Any CPU
		{4EFD1F64-34BA-4B93-BA55-C4B26919D445}.Release|x64.Build.0 = Release|Any CPU
		{4EFD1F64-34BA-4B93-BA55-C4B26919D445}.Release|x86.ActiveCfg = Release|Any CPU
		{4EFD1F64-34BA-4B93-BA55-C4B26919D445}.Release|x86.Build.0 = Release|Any CPU
		{01661B54-22A6-43F1-BC55-032D7A58A5CD}.Debug|Any CPU.ActiveCfg = Debug|Any CPU
		{01661B54-22A6-43F1-BC55-032D7A58A5CD}.Debug|Any CPU.Build.0 = Debug|Any CPU
		{01661B54-22A6-43F1-BC55-032D7A58A5CD}.Debug|x64.ActiveCfg = Debug|Any CPU
		{01661B54-22A6-43F1-BC55-032D7A58A5CD}.Debug|x64.Build.0 = Debug|Any CPU
		{01661B54-22A6-43F1-BC55-032D7A58A5CD}.Debug|x86.ActiveCfg = Debug|Any CPU
		{01661B54-22A6-43F1-BC55-032D7A58A5CD}.Debug|x86.Build.0 = Debug|Any CPU
		{01661B54-22A6-43F1-BC55-032D7A58A5CD}.Release|Any CPU.ActiveCfg = Release|Any CPU
		{01661B54-22A6-43F1-BC55-032D7A58A5CD}.Release|Any CPU.Build.0 = Release|Any CPU
		{01661B54-22A6-43F1-BC55-032D7A58A5CD}.Release|x64.ActiveCfg = Release|Any CPU
		{01661B54-22A6-43F1-BC55-032D7A58A5CD}.Release|x64.Build.0 = Release|Any CPU
		{01661B54-22A6-43F1-BC55-032D7A58A5CD}.Release|x86.ActiveCfg = Release|Any CPU
		{01661B54-22A6-43F1-BC55-032D7A58A5CD}.Release|x86.Build.0 = Release|Any CPU
		{9549BA81-DA8F-432A-B2E1-16A060CDBA59}.Debug|Any CPU.ActiveCfg = Debug|Any CPU
		{9549BA81-DA8F-432A-B2E1-16A060CDBA59}.Debug|Any CPU.Build.0 = Debug|Any CPU
		{9549BA81-DA8F-432A-B2E1-16A060CDBA59}.Debug|x64.ActiveCfg = Debug|Any CPU
		{9549BA81-DA8F-432A-B2E1-16A060CDBA59}.Debug|x64.Build.0 = Debug|Any CPU
		{9549BA81-DA8F-432A-B2E1-16A060CDBA59}.Debug|x86.ActiveCfg = Debug|Any CPU
		{9549BA81-DA8F-432A-B2E1-16A060CDBA59}.Debug|x86.Build.0 = Debug|Any CPU
		{9549BA81-DA8F-432A-B2E1-16A060CDBA59}.Release|Any CPU.ActiveCfg = Release|Any CPU
		{9549BA81-DA8F-432A-B2E1-16A060CDBA59}.Release|Any CPU.Build.0 = Release|Any CPU
		{9549BA81-DA8F-432A-B2E1-16A060CDBA59}.Release|x64.ActiveCfg = Release|Any CPU
		{9549BA81-DA8F-432A-B2E1-16A060CDBA59}.Release|x64.Build.0 = Release|Any CPU
		{9549BA81-DA8F-432A-B2E1-16A060CDBA59}.Release|x86.ActiveCfg = Release|Any CPU
		{9549BA81-DA8F-432A-B2E1-16A060CDBA59}.Release|x86.Build.0 = Release|Any CPU
		{126A6604-82BF-4425-A57B-555CB7F8589B}.Debug|Any CPU.ActiveCfg = Debug|Any CPU
		{126A6604-82BF-4425-A57B-555CB7F8589B}.Debug|Any CPU.Build.0 = Debug|Any CPU
		{126A6604-82BF-4425-A57B-555CB7F8589B}.Debug|x64.ActiveCfg = Debug|Any CPU
		{126A6604-82BF-4425-A57B-555CB7F8589B}.Debug|x64.Build.0 = Debug|Any CPU
		{126A6604-82BF-4425-A57B-555CB7F8589B}.Debug|x86.ActiveCfg = Debug|Any CPU
		{126A6604-82BF-4425-A57B-555CB7F8589B}.Debug|x86.Build.0 = Debug|Any CPU
		{126A6604-82BF-4425-A57B-555CB7F8589B}.Release|Any CPU.ActiveCfg = Release|Any CPU
		{126A6604-82BF-4425-A57B-555CB7F8589B}.Release|Any CPU.Build.0 = Release|Any CPU
		{126A6604-82BF-4425-A57B-555CB7F8589B}.Release|x64.ActiveCfg = Release|Any CPU
		{126A6604-82BF-4425-A57B-555CB7F8589B}.Release|x64.Build.0 = Release|Any CPU
		{126A6604-82BF-4425-A57B-555CB7F8589B}.Release|x86.ActiveCfg = Release|Any CPU
		{126A6604-82BF-4425-A57B-555CB7F8589B}.Release|x86.Build.0 = Release|Any CPU
		{F2CF2B3A-9B52-44CC-928E-0441EF0102E9}.Debug|Any CPU.ActiveCfg = Debug|Any CPU
		{F2CF2B3A-9B52-44CC-928E-0441EF0102E9}.Debug|Any CPU.Build.0 = Debug|Any CPU
		{F2CF2B3A-9B52-44CC-928E-0441EF0102E9}.Debug|x64.ActiveCfg = Debug|Any CPU
		{F2CF2B3A-9B52-44CC-928E-0441EF0102E9}.Debug|x64.Build.0 = Debug|Any CPU
		{F2CF2B3A-9B52-44CC-928E-0441EF0102E9}.Debug|x86.ActiveCfg = Debug|Any CPU
		{F2CF2B3A-9B52-44CC-928E-0441EF0102E9}.Debug|x86.Build.0 = Debug|Any CPU
		{F2CF2B3A-9B52-44CC-928E-0441EF0102E9}.Release|Any CPU.ActiveCfg = Release|Any CPU
		{F2CF2B3A-9B52-44CC-928E-0441EF0102E9}.Release|Any CPU.Build.0 = Release|Any CPU
		{F2CF2B3A-9B52-44CC-928E-0441EF0102E9}.Release|x64.ActiveCfg = Release|Any CPU
		{F2CF2B3A-9B52-44CC-928E-0441EF0102E9}.Release|x64.Build.0 = Release|Any CPU
		{F2CF2B3A-9B52-44CC-928E-0441EF0102E9}.Release|x86.ActiveCfg = Release|Any CPU
		{F2CF2B3A-9B52-44CC-928E-0441EF0102E9}.Release|x86.Build.0 = Release|Any CPU
		{6DC8FEE1-E162-421C-8C91-3B770A2E23AD}.Debug|Any CPU.ActiveCfg = Debug|Any CPU
		{6DC8FEE1-E162-421C-8C91-3B770A2E23AD}.Debug|Any CPU.Build.0 = Debug|Any CPU
		{6DC8FEE1-E162-421C-8C91-3B770A2E23AD}.Debug|x64.ActiveCfg = Debug|Any CPU
		{6DC8FEE1-E162-421C-8C91-3B770A2E23AD}.Debug|x64.Build.0 = Debug|Any CPU
		{6DC8FEE1-E162-421C-8C91-3B770A2E23AD}.Debug|x86.ActiveCfg = Debug|Any CPU
		{6DC8FEE1-E162-421C-8C91-3B770A2E23AD}.Debug|x86.Build.0 = Debug|Any CPU
		{6DC8FEE1-E162-421C-8C91-3B770A2E23AD}.Release|Any CPU.ActiveCfg = Release|Any CPU
		{6DC8FEE1-E162-421C-8C91-3B770A2E23AD}.Release|Any CPU.Build.0 = Release|Any CPU
		{6DC8FEE1-E162-421C-8C91-3B770A2E23AD}.Release|x64.ActiveCfg = Release|Any CPU
		{6DC8FEE1-E162-421C-8C91-3B770A2E23AD}.Release|x64.Build.0 = Release|Any CPU
		{6DC8FEE1-E162-421C-8C91-3B770A2E23AD}.Release|x86.ActiveCfg = Release|Any CPU
		{6DC8FEE1-E162-421C-8C91-3B770A2E23AD}.Release|x86.Build.0 = Release|Any CPU
		{0D82DDB9-182A-4C7E-BB9A-8BFCF7796C34}.Debug|Any CPU.ActiveCfg = Debug|Any CPU
		{0D82DDB9-182A-4C7E-BB9A-8BFCF7796C34}.Debug|Any CPU.Build.0 = Debug|Any CPU
		{0D82DDB9-182A-4C7E-BB9A-8BFCF7796C34}.Debug|x64.ActiveCfg = Debug|Any CPU
		{0D82DDB9-182A-4C7E-BB9A-8BFCF7796C34}.Debug|x64.Build.0 = Debug|Any CPU
		{0D82DDB9-182A-4C7E-BB9A-8BFCF7796C34}.Debug|x86.ActiveCfg = Debug|Any CPU
		{0D82DDB9-182A-4C7E-BB9A-8BFCF7796C34}.Debug|x86.Build.0 = Debug|Any CPU
		{0D82DDB9-182A-4C7E-BB9A-8BFCF7796C34}.Release|Any CPU.ActiveCfg = Release|Any CPU
		{0D82DDB9-182A-4C7E-BB9A-8BFCF7796C34}.Release|Any CPU.Build.0 = Release|Any CPU
		{0D82DDB9-182A-4C7E-BB9A-8BFCF7796C34}.Release|x64.ActiveCfg = Release|Any CPU
		{0D82DDB9-182A-4C7E-BB9A-8BFCF7796C34}.Release|x64.Build.0 = Release|Any CPU
		{0D82DDB9-182A-4C7E-BB9A-8BFCF7796C34}.Release|x86.ActiveCfg = Release|Any CPU
		{0D82DDB9-182A-4C7E-BB9A-8BFCF7796C34}.Release|x86.Build.0 = Release|Any CPU
		{62094675-3908-4C86-8EE7-7DACAE7DCE6C}.Debug|Any CPU.ActiveCfg = Debug|Any CPU
		{62094675-3908-4C86-8EE7-7DACAE7DCE6C}.Debug|Any CPU.Build.0 = Debug|Any CPU
		{62094675-3908-4C86-8EE7-7DACAE7DCE6C}.Debug|x64.ActiveCfg = Debug|Any CPU
		{62094675-3908-4C86-8EE7-7DACAE7DCE6C}.Debug|x64.Build.0 = Debug|Any CPU
		{62094675-3908-4C86-8EE7-7DACAE7DCE6C}.Debug|x86.ActiveCfg = Debug|Any CPU
		{62094675-3908-4C86-8EE7-7DACAE7DCE6C}.Debug|x86.Build.0 = Debug|Any CPU
		{62094675-3908-4C86-8EE7-7DACAE7DCE6C}.Release|Any CPU.ActiveCfg = Release|Any CPU
		{62094675-3908-4C86-8EE7-7DACAE7DCE6C}.Release|Any CPU.Build.0 = Release|Any CPU
		{62094675-3908-4C86-8EE7-7DACAE7DCE6C}.Release|x64.ActiveCfg = Release|Any CPU
		{62094675-3908-4C86-8EE7-7DACAE7DCE6C}.Release|x64.Build.0 = Release|Any CPU
		{62094675-3908-4C86-8EE7-7DACAE7DCE6C}.Release|x86.ActiveCfg = Release|Any CPU
		{62094675-3908-4C86-8EE7-7DACAE7DCE6C}.Release|x86.Build.0 = Release|Any CPU
	EndGlobalSection
	GlobalSection(SolutionProperties) = preSolution
		HideSolutionNode = FALSE
	EndGlobalSection
	GlobalSection(NestedProjects) = preSolution
		{01D52441-9748-487B-972F-254A3BE97C22} = {07D57EEB-2F50-60C4-C011-FE4FA775C9A8}
		{BCEEEE75-9444-47EF-8EFE-53EAD0B690CF} = {0AB3BF05-4346-4AA6-1389-037BE0695223}
		{F2C9F6DE-29EC-47C2-AC14-4E5976588D48} = {7093629E-AEA4-902C-2483-A7E7B1CCEE25}
		{DDDE5DE1-C8BF-49B6-8DFF-3A1DF2C87EF7} = {7093629E-AEA4-902C-2483-A7E7B1CCEE25}
		{4EFD1F64-34BA-4B93-BA55-C4B26919D445} = {7093629E-AEA4-902C-2483-A7E7B1CCEE25}
		{01661B54-22A6-43F1-BC55-032D7A58A5CD} = {7093629E-AEA4-902C-2483-A7E7B1CCEE25}
		{9549BA81-DA8F-432A-B2E1-16A060CDBA59} = {7093629E-AEA4-902C-2483-A7E7B1CCEE25}
		{126A6604-82BF-4425-A57B-555CB7F8589B} = {8FC84A6C-4B65-8FE0-829A-84EAAA253C09}
		{F2CF2B3A-9B52-44CC-928E-0441EF0102E9} = {8FC84A6C-4B65-8FE0-829A-84EAAA253C09}
		{6DC8FEE1-E162-421C-8C91-3B770A2E23AD} = {8FC84A6C-4B65-8FE0-829A-84EAAA253C09}
		{0D82DDB9-182A-4C7E-BB9A-8BFCF7796C34} = {8FC84A6C-4B65-8FE0-829A-84EAAA253C09}
		{62094675-3908-4C86-8EE7-7DACAE7DCE6C} = {8FC84A6C-4B65-8FE0-829A-84EAAA253C09}
	EndGlobalSection
	GlobalSection(ExtensibilityGlobals) = postSolution
		SolutionGuid = {DD5D5541-77DF-485D-BF08-E591569B4276}
	EndGlobalSection
EndGlobal
