
Microsoft Visual Studio Solution File, Format Version 12.00
# Visual Studio Version 17
VisualStudioVersion = 17.0.31903.59
MinimumVisualStudioVersion = 10.0.40219.1
Project("{FAE04EC0-301F-11D3-BF4B-00C04F79EFBC}") = "FakeMetasysApi", "FakeMetasysApi\FakeMetasysApi.csproj", "{8528C8F3-5D40-43FE-96F0-CB65553EF012}"
EndProject
Project("{FAE04EC0-301F-11D3-BF4B-00C04F79EFBC}") = "BmsIngestionApp", "BmsIngestionApp\BmsIngestionApp.csproj", "{E7672723-DA8D-4CE1-BB70-CB9C76A91FFD}"
EndProject
Project("{FAE04EC0-301F-11D3-BF4B-00C04F79EFBC}") = "DataverseSyncWorker", "DataverseSyncWorker\DataverseSyncWorker.csproj", "{58E63B6C-AD5F-419E-9909-1F0474F4B26A}"
EndProject
Project("{2150E333-8FDC-42A3-9474-1A3956D46DE8}") = "plugins", "plugins", "{07D57EEB-2F50-60C4-C011-FE4FA775C9A8}"
EndProject
Project("{FAE04EC0-301F-11D3-BF4B-00C04F79EFBC}") = "FMCentralBms.Plugins", "plugins\FMCentralBms.Plugins\FMCentralBms.Plugins.csproj", "{01D52441-9748-487B-972F-254A3BE97C22}"
EndProject
Global
	GlobalSection(SolutionConfigurationPlatforms) = preSolution
		Debug|Any CPU = Debug|Any CPU
		Debug|x64 = Debug|x64
		Debug|x86 = Debug|x86
		Release|Any CPU = Release|Any CPU
		Release|x64 = Release|x64
		Release|x86 = Release|x86
	EndGlobalSection
	GlobalSection(ProjectConfigurationPlatforms) = postSolution
		{8528C8F3-5D40-43FE-96F0-CB65553EF012}.Debug|Any CPU.ActiveCfg = Debug|Any CPU
		{8528C8F3-5D40-43FE-96F0-CB65553EF012}.Debug|Any CPU.Build.0 = Debug|Any CPU
		{8528C8F3-5D40-43FE-96F0-CB65553EF012}.Debug|x64.ActiveCfg = Debug|Any CPU
		{8528C8F3-5D40-43FE-96F0-CB65553EF012}.Debug|x64.Build.0 = Debug|Any CPU
		{8528C8F3-5D40-43FE-96F0-CB65553EF012}.Debug|x86.ActiveCfg = Debug|Any CPU
		{8528C8F3-5D40-43FE-96F0-CB65553EF012}.Debug|x86.Build.0 = Debug|Any CPU
		{8528C8F3-5D40-43FE-96F0-CB65553EF012}.Release|Any CPU.ActiveCfg = Release|Any CPU
		{8528C8F3-5D40-43FE-96F0-CB65553EF012}.Release|Any CPU.Build.0 = Release|Any CPU
		{8528C8F3-5D40-43FE-96F0-CB65553EF012}.Release|x64.ActiveCfg = Release|Any CPU
		{8528C8F3-5D40-43FE-96F0-CB65553EF012}.Release|x64.Build.0 = Release|Any CPU
		{8528C8F3-5D40-43FE-96F0-CB65553EF012}.Release|x86.ActiveCfg = Release|Any CPU
		{8528C8F3-5D40-43FE-96F0-CB65553EF012}.Release|x86.Build.0 = Release|Any CPU
		{E7672723-DA8D-4CE1-BB70-CB9C76A91FFD}.Debug|Any CPU.ActiveCfg = Debug|Any CPU
		{E7672723-DA8D-4CE1-BB70-CB9C76A91FFD}.Debug|Any CPU.Build.0 = Debug|Any CPU
		{E7672723-DA8D-4CE1-BB70-CB9C76A91FFD}.Debug|x64.ActiveCfg = Debug|Any CPU
		{E7672723-DA8D-4CE1-BB70-CB9C76A91FFD}.Debug|x64.Build.0 = Debug|Any CPU
		{E7672723-DA8D-4CE1-BB70-CB9C76A91FFD}.Debug|x86.ActiveCfg = Debug|Any CPU
		{E7672723-DA8D-4CE1-BB70-CB9C76A91FFD}.Debug|x86.Build.0 = Debug|Any CPU
		{E7672723-DA8D-4CE1-BB70-CB9C76A91FFD}.Release|Any CPU.ActiveCfg = Release|Any CPU
		{E7672723-DA8D-4CE1-BB70-CB9C76A91FFD}.Release|Any CPU.Build.0 = Release|Any CPU
		{E7672723-DA8D-4CE1-BB70-CB9C76A91FFD}.Release|x64.ActiveCfg = Release|Any CPU
		{E7672723-DA8D-4CE1-BB70-CB9C76A91FFD}.Release|x64.Build.0 = Release|Any CPU
		{E7672723-DA8D-4CE1-BB70-CB9C76A91FFD}.Release|x86.ActiveCfg = Release|Any CPU
		{E7672723-DA8D-4CE1-BB70-CB9C76A91FFD}.Release|x86.Build.0 = Release|Any CPU
		{58E63B6C-AD5F-419E-9909-1F0474F4B26A}.Debug|Any CPU.ActiveCfg = Debug|Any CPU
		{58E63B6C-AD5F-419E-9909-1F0474F4B26A}.Debug|Any CPU.Build.0 = Debug|Any CPU
		{58E63B6C-AD5F-419E-9909-1F0474F4B26A}.Debug|x64.ActiveCfg = Debug|Any CPU
		{58E63B6C-AD5F-419E-9909-1F0474F4B26A}.Debug|x64.Build.0 = Debug|Any CPU
		{58E63B6C-AD5F-419E-9909-1F0474F4B26A}.Debug|x86.ActiveCfg = Debug|Any CPU
		{58E63B6C-AD5F-419E-9909-1F0474F4B26A}.Debug|x86.Build.0 = Debug|Any CPU
		{58E63B6C-AD5F-419E-9909-1F0474F4B26A}.Release|Any CPU.ActiveCfg = Release|Any CPU
		{58E63B6C-AD5F-419E-9909-1F0474F4B26A}.Release|Any CPU.Build.0 = Release|Any CPU
		{58E63B6C-AD5F-419E-9909-1F0474F4B26A}.Release|x64.ActiveCfg = Release|Any CPU
		{58E63B6C-AD5F-419E-9909-1F0474F4B26A}.Release|x64.Build.0 = Release|Any CPU
		{58E63B6C-AD5F-419E-9909-1F0474F4B26A}.Release|x86.ActiveCfg = Release|Any CPU
		{58E63B6C-AD5F-419E-9909-1F0474F4B26A}.Release|x86.Build.0 = Release|Any CPU
		{01D52441-9748-487B-972F-254A3BE97C22}.Debug|Any CPU.ActiveCfg = Debug|Any CPU
		{01D52441-9748-487B-972F-254A3BE97C22}.Debug|Any CPU.Build.0 = Debug|Any CPU
		{01D52441-9748-487B-972F-254A3BE97C22}.Debug|x64.ActiveCfg = Debug|Any CPU
		{01D52441-9748-487B-972F-254A3BE97C22}.Debug|x64.Build.0 = Debug|Any CPU
		{01D52441-9748-487B-972F-254A3BE97C22}.Debug|x86.ActiveCfg = Debug|Any CPU
		{01D52441-9748-487B-972F-254A3BE97C22}.Debug|x86.Build.0 = Debug|Any CPU
		{01D52441-9748-487B-972F-254A3BE97C22}.Release|Any CPU.ActiveCfg = Release|Any CPU
		{01D52441-9748-487B-972F-254A3BE97C22}.Release|Any CPU.Build.0 = Release|Any CPU
		{01D52441-9748-487B-972F-254A3BE97C22}.Release|x64.ActiveCfg = Release|Any CPU
		{01D52441-9748-487B-972F-254A3BE97C22}.Release|x64.Build.0 = Release|Any CPU
		{01D52441-9748-487B-972F-254A3BE97C22}.Release|x86.ActiveCfg = Release|Any CPU
		{01D52441-9748-487B-972F-254A3BE97C22}.Release|x86.Build.0 = Release|Any CPU
	EndGlobalSection
	GlobalSection(SolutionProperties) = preSolution
		HideSolutionNode = FALSE
	EndGlobalSection
	GlobalSection(NestedProjects) = preSolution
		{01D52441-9748-487B-972F-254A3BE97C22} = {07D57EEB-2F50-60C4-C011-FE4FA775C9A8}
	EndGlobalSection
EndGlobal
